// !$*UTF8*$!
{
	archiveVersion = 1;
	classes = {
	};
	objectVersion = 50;
	objects = {

/* Begin PBXBuildFile section */
		CC31F57B229138FA005B3914 /* AppDelegate.swift in Sources */ = {isa = PBXBuildFile; fileRef = CC31F57A229138FA005B3914 /* AppDelegate.swift */; };
		CC31F57D229138FA005B3914 /* ViewController.swift in Sources */ = {isa = PBXBuildFile; fileRef = CC31F57C229138FA005B3914 /* ViewController.swift */; };
		CC31F580229138FA005B3914 /* Main.storyboard in Resources */ = {isa = PBXBuildFile; fileRef = CC31F57E229138FA005B3914 /* Main.storyboard */; };
		CC31F582229138FE005B3914 /* Assets.xcassets in Resources */ = {isa = PBXBuildFile; fileRef = CC31F581229138FE005B3914 /* Assets.xcassets */; };
		CC31F585229138FE005B3914 /* LaunchScreen.storyboard in Resources */ = {isa = PBXBuildFile; fileRef = CC31F583229138FE005B3914 /* LaunchScreen.storyboard */; };
		CC31F58D22913D8E005B3914 /* UIResponder+Extension.swift in Sources */ = {isa = PBXBuildFile; fileRef = CC31F58C22913D8E005B3914 /* UIResponder+Extension.swift */; };
		CC31F591229144CE005B3914 /* EventView.swift in Sources */ = {isa = PBXBuildFile; fileRef = CC31F590229144CE005B3914 /* EventView.swift */; };
		CC31F59322914580005B3914 /* EventView.xib in Resources */ = {isa = PBXBuildFile; fileRef = CC31F59222914580005B3914 /* EventView.xib */; };
		CC31F59522914600005B3914 /* UIView+Extension.swift in Sources */ = {isa = PBXBuildFile; fileRef = CC31F59422914600005B3914 /* UIView+Extension.swift */; };
/* End PBXBuildFile section */

/* Begin PBXFileReference section */
		CC31F577229138FA005B3914 /* iOSLifeCycle.app */ = {isa = PBXFileReference; explicitFileType = wrapper.application; includeInIndex = 0; path = iOSLifeCycle.app; sourceTree = BUILT_PRODUCTS_DIR; };
		CC31F57A229138FA005B3914 /* AppDelegate.swift */ = {isa = PBXFileReference; lastKnownFileType = sourcecode.swift; path = AppDelegate.swift; sourceTree = "<group>"; };
		CC31F57C229138FA005B3914 /* ViewController.swift */ = {isa = PBXFileReference; lastKnownFileType = sourcecode.swift; path = ViewController.swift; sourceTree = "<group>"; };
		CC31F57F229138FA005B3914 /* Base */ = {isa = PBXFileReference; lastKnownFileType = file.storyboard; name = Base; path = Base.lproj/Main.storyboard; sourceTree = "<group>"; };
		CC31F581229138FE005B3914 /* Assets.xcassets */ = {isa = PBXFileReference; lastKnownFileType = folder.assetcatalog; path = Assets.xcassets; sourceTree = "<group>"; };
		CC31F584229138FE005B3914 /* Base */ = {isa = PBXFileReference; lastKnownFileType = file.storyboard; name = Base; path = Base.lproj/LaunchScreen.storyboard; sourceTree = "<group>"; };
		CC31F586229138FE005B3914 /* Info.plist */ = {isa = PBXFileReference; lastKnownFileType = text.plist.xml; path = Info.plist; sourceTree = "<group>"; };
		CC31F58C22913D8E005B3914 /* UIResponder+Extension.swift */ = {isa = PBXFileReference; lastKnownFileType = sourcecode.swift; path = "UIResponder+Extension.swift"; sourceTree = "<group>"; };
		CC31F590229144CE005B3914 /* EventView.swift */ = {isa = PBXFileReference; lastKnownFileType = sourcecode.swift; path = EventView.swift; sourceTree = "<group>"; };
		CC31F59222914580005B3914 /* EventView.xib */ = {isa = PBXFileReference; lastKnownFileType = file.xib; path = EventView.xib; sourceTree = "<group>"; };
		CC31F59422914600005B3914 /* UIView+Extension.swift */ = {isa = PBXFileReference; lastKnownFileType = sourcecode.swift; path = "UIView+Extension.swift"; sourceTree = "<group>"; };
/* End PBXFileReference section */

/* Begin PBXFrameworksBuildPhase section */
		CC31F574229138FA005B3914 /* Frameworks */ = {
			isa = PBXFrameworksBuildPhase;
			buildActionMask = 2147483647;
			files = (
			);
			runOnlyForDeploymentPostprocessing = 0;
		};
/* End PBXFrameworksBuildPhase section */

/* Begin PBXGroup section */
		CC31F56E229138FA005B3914 = {
			isa = PBXGroup;
			children = (
				CC31F579229138FA005B3914 /* iOSLifeCycle */,
				CC31F578229138FA005B3914 /* Products */,
			);
			sourceTree = "<group>";
		};
		CC31F578229138FA005B3914 /* Products */ = {
			isa = PBXGroup;
			children = (
				CC31F577229138FA005B3914 /* iOSLifeCycle.app */,
			);
			name = Products;
			sourceTree = "<group>";
		};
		CC31F579229138FA005B3914 /* iOSLifeCycle */ = {
			isa = PBXGroup;
			children = (
				CC31F58F229143FF005B3914 /* View */,
				CC31F58E229143EF005B3914 /* Extension */,
				CC31F57A229138FA005B3914 /* AppDelegate.swift */,
				CC31F57C229138FA005B3914 /* ViewController.swift */,
				CC31F57E229138FA005B3914 /* Main.storyboard */,
				CC31F581229138FE005B3914 /* Assets.xcassets */,
				CC31F583229138FE005B3914 /* LaunchScreen.storyboard */,
				CC31F586229138FE005B3914 /* Info.plist */,
			);
			path = iOSLifeCycle;
			sourceTree = "<group>";
		};
		CC31F58E229143EF005B3914 /* Extension */ = {
			isa = PBXGroup;
			children = (
				CC31F58C22913D8E005B3914 /* UIResponder+Extension.swift */,
				CC31F59422914600005B3914 /* UIView+Extension.swift */,
			);
			path = Extension;
			sourceTree = "<group>";
		};
		CC31F58F229143FF005B3914 /* View */ = {
			isa = PBXGroup;
			children = (
				CC31F590229144CE005B3914 /* EventView.swift */,
				CC31F59222914580005B3914 /* EventView.xib */,
			);
			path = View;
			sourceTree = "<group>";
		};
/* End PBXGroup section */

/* Begin PBXNativeTarget section */
		CC31F576229138FA005B3914 /* iOSLifeCycle */ = {
			isa = PBXNativeTarget;
			buildConfigurationList = CC31F589229138FE005B3914 /* Build configuration list for PBXNativeTarget "iOSLifeCycle" */;
			buildPhases = (
				CC31F573229138FA005B3914 /* Sources */,
				CC31F574229138FA005B3914 /* Frameworks */,
				CC31F575229138FA005B3914 /* Resources */,
			);
			buildRules = (
			);
			dependencies = (
			);
			name = iOSLifeCycle;
			productName = iOSLifeCycle;
			productReference = CC31F577229138FA005B3914 /* iOSLifeCycle.app */;
			productType = "com.apple.product-type.application";
		};
/* End PBXNativeTarget section */

/* Begin PBXProject section */
		CC31F56F229138FA005B3914 /* Project object */ = {
			isa = PBXProject;
			attributes = {
				LastSwiftUpdateCheck = 1020;
				LastUpgradeCheck = 1020;
				ORGANIZATIONNAME = IceCreamCremo;
				TargetAttributes = {
					CC31F576229138FA005B3914 = {
						CreatedOnToolsVersion = 10.2.1;
					};
				};
			};
			buildConfigurationList = CC31F572229138FA005B3914 /* Build configuration list for PBXProject "iOSLifeCycle" */;
			compatibilityVersion = "Xcode 9.3";
			developmentRegion = en;
			hasScannedForEncodings = 0;
			knownRegions = (
				en,
				Base,
			);
			mainGroup = CC31F56E229138FA005B3914;
			productRefGroup = CC31F578229138FA005B3914 /* Products */;
			projectDirPath = "";
			projectRoot = "";
			targets = (
				CC31F576229138FA005B3914 /* iOSLifeCycle */,
			);
		};
/* End PBXProject section */

/* Begin PBXResourcesBuildPhase section */
		CC31F575229138FA005B3914 /* Resources */ = {
			isa = PBXResourcesBuildPhase;
			buildActionMask = 2147483647;
			files = (
				CC31F585229138FE005B3914 /* LaunchScreen.storyboard in Resources */,
				CC31F582229138FE005B3914 /* Assets.xcassets in Resources */,
				CC31F580229138FA005B3914 /* Main.storyboard in Resources */,
				CC31F59322914580005B3914 /* EventView.xib in Resources */,
			);
			runOnlyForDeploymentPostprocessing = 0;
		};
/* End PBXResourcesBuildPhase section */

/* Begin PBXSourcesBuildPhase section */
		CC31F573229138FA005B3914 /* Sources */ = {
			isa = PBXSourcesBuildPhase;
			buildActionMask = 2147483647;
			files = (
				CC31F57D229138FA005B3914 /* ViewController.swift in Sources */,
				CC31F57B229138FA005B3914 /* AppDelegate.swift in Sources */,
				CC31F58D22913D8E005B3914 /* UIResponder+Extension.swift in Sources */,
				CC31F59522914600005B3914 /* UIView+Extension.swift in Sources */,
				CC31F591229144CE005B3914 /* EventView.swift in Sources */,
			);
			runOnlyForDeploymentPostprocessing = 0;
		};
/* End PBXSourcesBuildPhase section */

/* Begin PBXVariantGroup section */
		CC31F57E229138FA005B3914 /* Main.storyboard */ = {
			isa = PBXVariantGroup;
			children = (
				CC31F57F229138FA005B3914 /* Base */,
			);
			name = Main.storyboard;
			sourceTree = "<group>";
		};
		CC31F583229138FE005B3914 /* LaunchScreen.storyboard */ = {
			isa = PBXVariantGroup;
			children = (
				CC31F584229138FE005B3914 /* Base */,
			);
			name = LaunchScreen.storyboard;
			sourceTree = "<group>";
		};
/* End PBXVariantGroup section */

/* Begin XCBuildConfiguration section */
		CC31F587229138FE005B3914 /* Debug */ = {
			isa = XCBuildConfiguration;
			buildSettings = {
				ALWAYS_SEARCH_USER_PATHS = NO;
				CLANG_ANALYZER_NONNULL = YES;
				CLANG_ANALYZER_NUMBER_OBJECT_CONVERSION = YES_AGGRESSIVE;
				CLANG_CXX_LANGUAGE_STANDARD = "gnu++14";
				CLANG_CXX_LIBRARY = "libc++";
				CLANG_ENABLE_MODULES = YES;
				CLANG_ENABLE_OBJC_ARC = YES;
				CLANG_ENABLE_OBJC_WEAK = YES;
				CLANG_WARN_BLOCK_CAPTURE_AUTORELEASING = YES;
				CLANG_WARN_BOOL_CONVERSION = YES;
				CLANG_WARN_COMMA = YES;
				CLANG_WARN_CONSTANT_CONVERSION = YES;
				CLANG_WARN_DEPRECATED_OBJC_IMPLEMENTATIONS = YES;
				CLANG_WARN_DIRECT_OBJC_ISA_USAGE = YES_ERROR;
				CLANG_WARN_DOCUMENTATION_COMMENTS = YES;
				CLANG_WARN_EMPTY_BODY = YES;
				CLANG_WARN_ENUM_CONVERSION = YES;
				CLANG_WARN_INFINITE_RECURSION = YES;
				CLANG_WARN_INT_CONVERSION = YES;
				CLANG_WARN_NON_LITERAL_NULL_CONVERSION = YES;
				CLANG_WARN_OBJC_IMPLICIT_RETAIN_SELF = YES;
				CLANG_WARN_OBJC_LITERAL_CONVERSION = YES;
				CLANG_WARN_OBJC_ROOT_CLASS = YES_ERROR;
				CLANG_WARN_RANGE_LOOP_ANALYSIS = YES;
				CLANG_WARN_STRICT_PROTOTYPES = YES;
				CLANG_WARN_SUSPICIOUS_MOVE = YES;
				CLANG_WARN_UNGUARDED_AVAILABILITY = YES_AGGRESSIVE;
				CLANG_WARN_UNREACHABLE_CODE = YES;
				CLANG_WARN__DUPLICATE_METHOD_MATCH = YES;
				CODE_SIGN_IDENTITY = "iPhone Developer";
				COPY_PHASE_STRIP = NO;
				DEBUG_INFORMATION_FORMAT = dwarf;
				ENABLE_STRICT_OBJC_MSGSEND = YES;
				ENABLE_TESTABILITY = YES;
				GCC_C_LANGUAGE_STANDARD = gnu11;
				GCC_DYNAMIC_NO_PIC = NO;
				GCC_NO_COMMON_BLOCKS = YES;
				GCC_OPTIMIZATION_LEVEL = 0;
				GCC_PREPROCESSOR_DEFINITIONS = (
					"DEBUG=1",
					"$(inherited)",
				);
				GCC_WARN_64_TO_32_BIT_CONVERSION = YES;
				GCC_WARN_ABOUT_RETURN_TYPE = YES_ERROR;
				GCC_WARN_UNDECLARED_SELECTOR = YES;
				GCC_WARN_UNINITIALIZED_AUTOS = YES_AGGRESSIVE;
				GCC_WARN_UNUSED_FUNCTION = YES;
				GCC_WARN_UNUSED_VARIABLE = YES;
				IPHONEOS_DEPLOYMENT_TARGET = 12.2;
				MTL_ENABLE_DEBUG_INFO = INCLUDE_SOURCE;
				MTL_FAST_MATH = YES;
				ONLY_ACTIVE_ARCH = YES;
				SDKROOT = iphoneos;
				SWIFT_ACTIVE_COMPILATION_CONDITIONS = DEBUG;
				SWIFT_OPTIMIZATION_LEVEL = "-Onone";
			};
			name = Debug;
		};
		CC31F588229138FE005B3914 /* Release */ = {
			isa = XCBuildConfiguration;
			buildSettings = {
				ALWAYS_SEARCH_USER_PATHS = NO;
				CLANG_ANALYZER_NONNULL = YES;
				CLANG_ANALYZER_NUMBER_OBJECT_CONVERSION = YES_AGGRESSIVE;
				CLANG_CXX_LANGUAGE_STANDARD = "gnu++14";
				CLANG_CXX_LIBRARY = "libc++";
				CLANG_ENABLE_MODULES = YES;
				CLANG_ENABLE_OBJC_ARC = YES;
				CLANG_ENABLE_OBJC_WEAK = YES;
				CLANG_WARN_BLOCK_CAPTURE_AUTORELEASING = YES;
				CLANG_WARN_BOOL_CONVERSION = YES;
				CLANG_WARN_COMMA = YES;
				CLANG_WARN_CONSTANT_CONVERSION = YES;
				CLANG_WARN_DEPRECATED_OBJC_IMPLEMENTATIONS = YES;
				CLANG_WARN_DIRECT_OBJC_ISA_USAGE = YES_ERROR;
				CLANG_WARN_DOCUMENTATION_COMMENTS = YES;
				CLANG_WARN_EMPTY_BODY = YES;
				CLANG_WARN_ENUM_CONVERSION = YES;
				CLANG_WARN_INFINITE_RECURSION = YES;
				CLANG_WARN_INT_CONVERSION = YES;
				CLANG_WARN_NON_LITERAL_NULL_CONVERSION = YES;
				CLANG_WARN_OBJC_IMPLICIT_RETAIN_SELF = YES;
				CLANG_WARN_OBJC_LITERAL_CONVERSION = YES;
				CLANG_WARN_OBJC_ROOT_CLASS = YES_ERROR;
				CLANG_WARN_RANGE_LOOP_ANALYSIS = YES;
				CLANG_WARN_STRICT_PROTOTYPES = YES;
				CLANG_WARN_SUSPICIOUS_MOVE = YES;
				CLANG_WARN_UNGUARDED_AVAILABILITY = YES_AGGRESSIVE;
				CLANG_WARN_UNREACHABLE_CODE = YES;
				CLANG_WARN__DUPLICATE_METHOD_MATCH = YES;
				CODE_SIGN_IDENTITY = "iPhone Developer";
				COPY_PHASE_STRIP = NO;
				DEBUG_INFORMATION_FORMAT = "dwarf-with-dsym";
				ENABLE_NS_ASSERTIONS = NO;
				ENABLE_STRICT_OBJC_MSGSEND = YES;
				GCC_C_LANGUAGE_STANDARD = gnu11;
				GCC_NO_COMMON_BLOCKS = YES;
				GCC_WARN_64_TO_32_BIT_CONVERSION = YES;
				GCC_WARN_ABOUT_RETURN_TYPE = YES_ERROR;
				GCC_WARN_UNDECLARED_SELECTOR = YES;
				GCC_WARN_UNINITIALIZED_AUTOS = YES_AGGRESSIVE;
				GCC_WARN_UNUSED_FUNCTION = YES;
				GCC_WARN_UNUSED_VARIABLE = YES;
				IPHONEOS_DEPLOYMENT_TARGET = 12.2;
				MTL_ENABLE_DEBUG_INFO = NO;
				MTL_FAST_MATH = YES;
				SDKROOT = iphoneos;
				SWIFT_COMPILATION_MODE = wholemodule;
				SWIFT_OPTIMIZATION_LEVEL = "-O";
				VALIDATE_PRODUCT = YES;
			};
			name = Release;
		};
		CC31F58A229138FE005B3914 /* Debug */ = {
			isa = XCBuildConfiguration;
			buildSettings = {
				ASSETCATALOG_COMPILER_APPICON_NAME = AppIcon;
				CODE_SIGN_STYLE = Automatic;
				INFOPLIST_FILE = iOSLifeCycle/Info.plist;
				LD_RUNPATH_SEARCH_PATHS = (
					"$(inherited)",
					"@executable_path/Frameworks",
				);
				PRODUCT_BUNDLE_IDENTIFIER = org.icecreamcremo.iOSLifeCycle;
				PRODUCT_NAME = "$(TARGET_NAME)";
				SWIFT_VERSION = 5.0;
				TARGETED_DEVICE_FAMILY = "1,2";
			};
			name = Debug;
		};
		CC31F58B229138FE005B3914 /* Release */ = {
			isa = XCBuildConfiguration;
			buildSettings = {
				ASSETCATALOG_COMPILER_APPICON_NAME = AppIcon;
				CODE_SIGN_STYLE = Automatic;
				INFOPLIST_FILE = iOSLifeCycle/Info.plist;
				LD_RUNPATH_SEARCH_PATHS = (
					"$(inherited)",
					"@executable_path/Frameworks",
				);
				PRODUCT_BUNDLE_IDENTIFIER = org.icecreamcremo.iOSLifeCycle;
				PRODUCT_NAME = "$(TARGET_NAME)";
				SWIFT_VERSION = 5.0;
				TARGETED_DEVICE_FAMILY = "1,2";
			};
			name = Release;
		};
/* End XCBuildConfiguration section */

/* Begin XCConfigurationList section */
		CC31F572229138FA005B3914 /* Build configuration list for PBXProject "iOSLifeCycle" */ = {
			isa = XCConfigurationList;
			buildConfigurations = (
				CC31F587229138FE005B3914 /* Debug */,
				CC31F588229138FE005B3914 /* Release */,
			);
			defaultConfigurationIsVisible = 0;
			defaultConfigurationName = Release;
		};
		CC31F589229138FE005B3914 /* Build configuration list for PBXNativeTarget "iOSLifeCycle" */ = {
			isa = XCConfigurationList;
			buildConfigurations = (
				CC31F58A229138FE005B3914 /* Debug */,
				CC31F58B229138FE005B3914 /* Release */,
			);
			defaultConfigurationIsVisible = 0;
			defaultConfigurationName = Release;
		};
/* End XCConfigurationList section */
	};
	rootObject = CC31F56F229138FA005B3914 /* Project object */;
}
